
Microsoft Visual Studio Solution File, Format Version 12.00
# Visual Studio Version 16
VisualStudioVersion = 16.0.31424.327
MinimumVisualStudioVersion = 10.0.40219.1
Project("{888888A0-9F3D-457C-B088-3A5042F75D52}") = "resize", "resize\resize.pyproj", "{3C49C62A-7F82-4C64-B133-97C860983A54}"
EndProject
Global
	GlobalSection(SolutionConfigurationPlatforms) = preSolution
		Debug|Any CPU = Debug|Any CPU
		Release|Any CPU = Release|Any CPU
	EndGlobalSection
	GlobalSection(ProjectConfigurationPlatforms) = postSolution
		{3C49C62A-7F82-4C64-B133-97C860983A54}.Debug|Any CPU.ActiveCfg = Debug|Any CPU
		{3C49C62A-7F82-4C64-B133-97C860983A54}.Release|Any CPU.ActiveCfg = Release|Any CPU
	EndGlobalSection
	GlobalSection(SolutionProperties) = preSolution
		HideSolutionNode = FALSE
	EndGlobalSection
	GlobalSection(ExtensibilityGlobals) = postSolution
		SolutionGuid = {428C5223-F9D8-4569-8758-8B71B71116AC}
	EndGlobalSection
EndGlobal
